{
  "name": "@nrth/dockship",
  "version": "1.0.0",
  "lockfileVersion": 3,
  "requires": true,
  "packages": {
    "": {
      "name": "@nrth/dockship",
      "version": "1.0.0",
      "license": "MIT",
      "bin": {
        "dock": "cli.cjs"
      },
      "engines": {
        "node": ">=20"
      }
    }
  }
}
